{
  "name": "visual",
  "version": "1.0.7",
  "lockfileVersion": 1,
  "requires": true,
  "dependencies": {
    "@types/d3": {
      "version": "3.5.41",
      "resolved": "https://registry.npmjs.org/@types/d3/-/d3-3.5.41.tgz",
      "integrity": "sha512-dInnr7nSPsofnLggOf70xvsInUjf3tRrE8XmxsioXALWQHkwEWi7RhTBCa9mYmiUDHMtuanSDN/JOW187ChIhw=="
    },
    "d3": {
      "version": "3.5.17",
      "resolved": "https://registry.npmjs.org/d3/-/d3-3.5.17.tgz",
      "integrity": "sha1-vEZ0gAQ3iyGjYMn8fPUjF5B2L7g="
    },
    "globalize": {
      "version": "0.1.0-a2",
      "resolved": "https://registry.npmjs.org/globalize/-/globalize-0.1.0a2.tgz",
      "integrity": "sha1-fyizguvv2boMs9gDY1+7pkqH8pQ="
    },
    "powerbi-visuals-utils-dataviewutils": {
      "version": "1.2.0",
      "resolved": "https://registry.npmjs.org/powerbi-visuals-utils-dataviewutils/-/powerbi-visuals-utils-dataviewutils-1.2.0.tgz",
      "integrity": "sha1-WaHJgzVclYoj2ZAYlPZfFXUZMhM="
    },
    "powerbi-visuals-utils-formattingutils": {
      "version": "3.0.2",
      "resolved": "https://registry.npmjs.org/powerbi-visuals-utils-formattingutils/-/powerbi-visuals-utils-formattingutils-3.0.2.tgz",
      "integrity": "sha512-EZFdTIgMx6NN1wh4Ml99i/8vpMWwyTvDHbBc47colsvZq3Kuw+WJy70vQUQF3QSEjAMPK8QZiYCRSdEC2rVq9Q==",
      "requires": {
        "globalize": "0.1.0-a2",
        "powerbi-visuals-utils-dataviewutils": "1.4.1",
        "powerbi-visuals-utils-typeutils": "1.1.0"
      },
      "dependencies": {
        "powerbi-visuals-utils-dataviewutils": {
          "version": "1.4.1",
          "resolved": "https://registry.npmjs.org/powerbi-visuals-utils-dataviewutils/-/powerbi-visuals-utils-dataviewutils-1.4.1.tgz",
          "integrity": "sha1-+z8Hq7d1mpLVkEGJzyrkMRPLr9M="
        }
      }
    },
    "powerbi-visuals-utils-svgutils": {
      "version": "1.1.0",
      "resolved": "https://registry.npmjs.org/powerbi-visuals-utils-svgutils/-/powerbi-visuals-utils-svgutils-1.1.0.tgz",
      "integrity": "sha1-i6IsbvVmKkAnCbR3dTpFGTQiV+c=",
      "requires": {
        "d3": "3.5.5",
        "powerbi-visuals-utils-typeutils": "1.1.0"
      },
      "dependencies": {
        "d3": {
          "version": "3.5.5",
          "resolved": "https://registry.npmjs.org/d3/-/d3-3.5.5.tgz",
          "integrity": "sha1-vhq6aoT7ZlMoOz6+u39XDjvaGH4="
        }
      }
    },
    "powerbi-visuals-utils-tooltiputils": {
      "version": "1.0.1",
      "resolved": "https://registry.npmjs.org/powerbi-visuals-utils-tooltiputils/-/powerbi-visuals-utils-tooltiputils-1.0.1.tgz",
      "integrity": "sha1-uOoPjtiBuV2wBokm1bbSLocAUiw=",
      "requires": {
        "d3": "3.5.5"
      },
      "dependencies": {
        "d3": {
          "version": "3.5.5",
          "resolved": "https://registry.npmjs.org/d3/-/d3-3.5.5.tgz",
          "integrity": "sha1-vhq6aoT7ZlMoOz6+u39XDjvaGH4="
        }
      }
    },
    "powerbi-visuals-utils-typeutils": {
      "version": "1.1.0",
      "resolved": "https://registry.npmjs.org/powerbi-visuals-utils-typeutils/-/powerbi-visuals-utils-typeutils-1.1.0.tgz",
      "integrity": "sha1-NHlC5YGHNwDaVe//UTamk6dt+bI="
    },
    "typescript": {
      "version": "2.9.2",
      "resolved": "https://registry.npmjs.org/typescript/-/typescript-2.9.2.tgz",
      "integrity": "sha512-Gr4p6nFNaoufRIY4NMdpQRNmgxVIGMs4Fcu/ujdYk3nAZqk7supzBE9idmvfZIlH/Cuj//dvi+019qEue9lV0w=="
    }
  }
}
